
Microsoft Visual Studio Solution File, Format Version 12.00
# Visual Studio Version 17
VisualStudioVersion = 17.3.32804.467
MinimumVisualStudioVersion = 10.0.40219.1
Project("{FAE04EC0-301F-11D3-BF4B-00C04F79EFBC}") = "ball bouncing1", "ball bouncing1.csproj", "{CF9A2588-08CB-44A3-9BE7-28DE6DA70552}"
EndProject
Global
	GlobalSection(SolutionConfigurationPlatforms) = preSolution
		Debug|Any CPU = Debug|Any CPU
		Release|Any CPU = Release|Any CPU
	EndGlobalSection
	GlobalSection(ProjectConfigurationPlatforms) = postSolution
		{CF9A2588-08CB-44A3-9BE7-28DE6DA70552}.Debug|Any CPU.ActiveCfg = Debug|Any CPU
		{CF9A2588-08CB-44A3-9BE7-28DE6DA70552}.Debug|Any CPU.Build.0 = Debug|Any CPU
		{CF9A2588-08CB-44A3-9BE7-28DE6DA70552}.Release|Any CPU.ActiveCfg = Release|Any CPU
		{CF9A2588-08CB-44A3-9BE7-28DE6DA70552}.Release|Any CPU.Build.0 = Release|Any CPU
	EndGlobalSection
	GlobalSection(SolutionProperties) = preSolution
		HideSolutionNode = FALSE
	EndGlobalSection
	GlobalSection(ExtensibilityGlobals) = postSolution
		SolutionGuid = {704C57A2-85A2-4ECD-913E-80413BCEC04D}
	EndGlobalSection
EndGlobal
